
Microsoft Visual Studio Solution File, Format Version 12.00
# Visual Studio Version 16
VisualStudioVersion = 16.0.31515.178
MinimumVisualStudioVersion = 10.0.40219.1
Project("{9A19103F-16F7-4668-BE54-9A1E7A4F7556}") = "PlantWall.TCP.Listener", "PlantWall.TCP.Listener\PlantWall.TCP.Listener.csproj", "{C55CD51B-BF2C-4E35-92BE-66ADC02D865E}"
EndProject
Global
	GlobalSection(SolutionConfigurationPlatforms) = preSolution
		Debug|Any CPU = Debug|Any CPU
		Release|Any CPU = Release|Any CPU
	EndGlobalSection
	GlobalSection(ProjectConfigurationPlatforms) = postSolution
		{C55CD51B-BF2C-4E35-92BE-66ADC02D865E}.Debug|Any CPU.ActiveCfg = Debug|Any CPU
		{C55CD51B-BF2C-4E35-92BE-66ADC02D865E}.Debug|Any CPU.Build.0 = Debug|Any CPU
		{C55CD51B-BF2C-4E35-92BE-66ADC02D865E}.Release|Any CPU.ActiveCfg = Release|Any CPU
		{C55CD51B-BF2C-4E35-92BE-66ADC02D865E}.Release|Any CPU.Build.0 = Release|Any CPU
	EndGlobalSection
	GlobalSection(SolutionProperties) = preSolution
		HideSolutionNode = FALSE
	EndGlobalSection
	GlobalSection(ExtensibilityGlobals) = postSolution
		SolutionGuid = {E74B7C85-0126-48BA-B632-3E09B088F769}
	EndGlobalSection
EndGlobal
